
Microsoft Visual Studio Solution File, Format Version 12.00
# Visual Studio Version 17
VisualStudioVersion = 17.5.33530.505
MinimumVisualStudioVersion = 10.0.40219.1
Project("{8BC9CEB8-8B4A-11D0-8D11-00A0C91BC942}") = "MT3_02_Matrix", "MT3_02_Matrix.vcxproj", "{B9E0745F-14F7-4DCA-91BB-C5FD55120756}"
EndProject
Global
	GlobalSection(SolutionConfigurationPlatforms) = preSolution
		Debug|x64 = Debug|x64
		Release|x64 = Release|x64
	EndGlobalSection
	GlobalSection(ProjectConfigurationPlatforms) = postSolution
		{B9E0745F-14F7-4DCA-91BB-C5FD55120756}.Debug|x64.ActiveCfg = Debug|x64
		{B9E0745F-14F7-4DCA-91BB-C5FD55120756}.Debug|x64.Build.0 = Debug|x64
		{B9E0745F-14F7-4DCA-91BB-C5FD55120756}.Release|x64.ActiveCfg = Release|x64
		{B9E0745F-14F7-4DCA-91BB-C5FD55120756}.Release|x64.Build.0 = Release|x64
	EndGlobalSection
	GlobalSection(SolutionProperties) = preSolution
		HideSolutionNode = FALSE
	EndGlobalSection
	GlobalSection(ExtensibilityGlobals) = postSolution
		SolutionGuid = {0D738C1C-51B3-4BE0-BACB-FE3350E129E2}
	EndGlobalSection
EndGlobal
